
Microsoft Visual Studio Solution File, Format Version 12.00
# Visual Studio Version 16
VisualStudioVersion = 16.0.31112.23
MinimumVisualStudioVersion = 10.0.40219.1
Project("{FAE04EC0-301F-11D3-BF4B-00C04F79EFBC}") = "URI Online Judge - 1145", "URI Online Judge - 1145.csproj", "{A1F64F61-DB88-4D9A-B0D6-14E1CE40D667}"
EndProject
Global
	GlobalSection(SolutionConfigurationPlatforms) = preSolution
		Debug|Any CPU = Debug|Any CPU
		Release|Any CPU = Release|Any CPU
	EndGlobalSection
	GlobalSection(ProjectConfigurationPlatforms) = postSolution
		{A1F64F61-DB88-4D9A-B0D6-14E1CE40D667}.Debug|Any CPU.ActiveCfg = Debug|Any CPU
		{A1F64F61-DB88-4D9A-B0D6-14E1CE40D667}.Debug|Any CPU.Build.0 = Debug|Any CPU
		{A1F64F61-DB88-4D9A-B0D6-14E1CE40D667}.Release|Any CPU.ActiveCfg = Release|Any CPU
		{A1F64F61-DB88-4D9A-B0D6-14E1CE40D667}.Release|Any CPU.Build.0 = Release|Any CPU
	EndGlobalSection
	GlobalSection(SolutionProperties) = preSolution
		HideSolutionNode = FALSE
	EndGlobalSection
	GlobalSection(ExtensibilityGlobals) = postSolution
		SolutionGuid = {3B45EC16-0BEF-4928-AAEF-7502160157D5}
	EndGlobalSection
EndGlobal
