
Microsoft Visual Studio Solution File, Format Version 12.00
# Visual Studio Version 16
VisualStudioVersion = 16.0.31112.23
MinimumVisualStudioVersion = 10.0.40219.1
Project("{FAE04EC0-301F-11D3-BF4B-00C04F79EFBC}") = "URI Online Judge - ex 1101", "URI Online Judge - ex 1101.csproj", "{D04ACFAC-D1CA-4F29-8831-E3F906B19E29}"
EndProject
Global
	GlobalSection(SolutionConfigurationPlatforms) = preSolution
		Debug|Any CPU = Debug|Any CPU
		Release|Any CPU = Release|Any CPU
	EndGlobalSection
	GlobalSection(ProjectConfigurationPlatforms) = postSolution
		{D04ACFAC-D1CA-4F29-8831-E3F906B19E29}.Debug|Any CPU.ActiveCfg = Debug|Any CPU
		{D04ACFAC-D1CA-4F29-8831-E3F906B19E29}.Debug|Any CPU.Build.0 = Debug|Any CPU
		{D04ACFAC-D1CA-4F29-8831-E3F906B19E29}.Release|Any CPU.ActiveCfg = Release|Any CPU
		{D04ACFAC-D1CA-4F29-8831-E3F906B19E29}.Release|Any CPU.Build.0 = Release|Any CPU
	EndGlobalSection
	GlobalSection(SolutionProperties) = preSolution
		HideSolutionNode = FALSE
	EndGlobalSection
	GlobalSection(ExtensibilityGlobals) = postSolution
		SolutionGuid = {3F9B29C1-DB9A-43CC-B331-C828F36345A5}
	EndGlobalSection
EndGlobal
