
Microsoft Visual Studio Solution File, Format Version 12.00
# Visual Studio Version 16
VisualStudioVersion = 16.0.31112.23
MinimumVisualStudioVersion = 10.0.40219.1
Project("{FAE04EC0-301F-11D3-BF4B-00C04F79EFBC}") = "Uri Online Judge - ex1079", "Uri Online Judge - ex1079.csproj", "{DC9CFA5F-0DF0-4AB1-B83A-283297FE8123}"
EndProject
Global
	GlobalSection(SolutionConfigurationPlatforms) = preSolution
		Debug|Any CPU = Debug|Any CPU
		Release|Any CPU = Release|Any CPU
	EndGlobalSection
	GlobalSection(ProjectConfigurationPlatforms) = postSolution
		{DC9CFA5F-0DF0-4AB1-B83A-283297FE8123}.Debug|Any CPU.ActiveCfg = Debug|Any CPU
		{DC9CFA5F-0DF0-4AB1-B83A-283297FE8123}.Debug|Any CPU.Build.0 = Debug|Any CPU
		{DC9CFA5F-0DF0-4AB1-B83A-283297FE8123}.Release|Any CPU.ActiveCfg = Release|Any CPU
		{DC9CFA5F-0DF0-4AB1-B83A-283297FE8123}.Release|Any CPU.Build.0 = Release|Any CPU
	EndGlobalSection
	GlobalSection(SolutionProperties) = preSolution
		HideSolutionNode = FALSE
	EndGlobalSection
	GlobalSection(ExtensibilityGlobals) = postSolution
		SolutionGuid = {493AE1B5-B605-4905-86CE-44B77FE48A7F}
	EndGlobalSection
EndGlobal
